
Microsoft Visual Studio Solution File, Format Version 12.00
# Visual Studio Version 17
VisualStudioVersion = 17.11.35303.130
MinimumVisualStudioVersion = 10.0.40219.1
Project("{9A19103F-16F7-4668-BE54-9A1E7A4F7556}") = "AuctionsApp", "AuctionsApp\AuctionsApp.csproj", "{EC90C51C-364D-42DD-BCC7-2F753FAC3806}"
EndProject
Project("{FAE04EC0-301F-11D3-BF4B-00C04F79EFBC}") = "UnitTests", "UnitTests\UnitTests.csproj", "{686F1893-5F99-4332-9883-1CFDCB35DE57}"
EndProject
Global
	GlobalSection(SolutionConfigurationPlatforms) = preSolution
		Debug|Any CPU = Debug|Any CPU
		Release|Any CPU = Release|Any CPU
	EndGlobalSection
	GlobalSection(ProjectConfigurationPlatforms) = postSolution
		{EC90C51C-364D-42DD-BCC7-2F753FAC3806}.Debug|Any CPU.ActiveCfg = Debug|Any CPU
		{EC90C51C-364D-42DD-BCC7-2F753FAC3806}.Debug|Any CPU.Build.0 = Debug|Any CPU
		{EC90C51C-364D-42DD-BCC7-2F753FAC3806}.Release|Any CPU.ActiveCfg = Release|Any CPU
		{EC90C51C-364D-42DD-BCC7-2F753FAC3806}.Release|Any CPU.Build.0 = Release|Any CPU
		{686F1893-5F99-4332-9883-1CFDCB35DE57}.Debug|Any CPU.ActiveCfg = Debug|Any CPU
		{686F1893-5F99-4332-9883-1CFDCB35DE57}.Debug|Any CPU.Build.0 = Debug|Any CPU
		{686F1893-5F99-4332-9883-1CFDCB35DE57}.Release|Any CPU.ActiveCfg = Release|Any CPU
		{686F1893-5F99-4332-9883-1CFDCB35DE57}.Release|Any CPU.Build.0 = Release|Any CPU
	EndGlobalSection
	GlobalSection(SolutionProperties) = preSolution
		HideSolutionNode = FALSE
	EndGlobalSection
	GlobalSection(ExtensibilityGlobals) = postSolution
		SolutionGuid = {43B2AC45-C83F-4FE9-AB83-F4CCE46FFF28}
	EndGlobalSection
EndGlobal
